// !$*UTF8*$!
{
	archiveVersion = 1;
	classes = {
	};
	objectVersion = 77;
	objects = {

/* Begin PBXBuildFile section */
		4583E0A12D9C8004002A9784 /* Geometry in Frameworks */ = {isa = PBXBuildFile; productRef = 4583E0A02D9C8004002A9784 /* Geometry */; };
		45F60E4B2D9BC6C6000224F7 /* Numerics in Frameworks */ = {isa = PBXBuildFile; productRef = 45F60E4A2D9BC6C6000224F7 /* Numerics */; };
		45F60E542D9C7506000224F7 /* SwiftFormats in Frameworks */ = {isa = PBXBuildFile; productRef = 45F60E532D9C7506000224F7 /* SwiftFormats */; };
/* End PBXBuildFile section */

/* Begin PBXContainerItemProxy section */
		45F60DEB2D9BA111000224F7 /* PBXContainerItemProxy */ = {
			isa = PBXContainerItemProxy;
			containerPortal = 45F60DD42D9BA110000224F7 /* Project object */;
			proxyType = 1;
			remoteGlobalIDString = 45F60DDB2D9BA110000224F7;
			remoteInfo = Diagram;
		};
		45F60DF52D9BA111000224F7 /* PBXContainerItemProxy */ = {
			isa = PBXContainerItemProxy;
			containerPortal = 45F60DD42D9BA110000224F7 /* Project object */;
			proxyType = 1;
			remoteGlobalIDString = 45F60DDB2D9BA110000224F7;
			remoteInfo = Diagram;
		};
/* End PBXContainerItemProxy section */

/* Begin PBXFileReference section */
		45F60DDC2D9BA110000224F7 /* Diagram.app */ = {isa = PBXFileReference; explicitFileType = wrapper.application; includeInIndex = 0; path = Diagram.app; sourceTree = BUILT_PRODUCTS_DIR; };
		45F60DEA2D9BA111000224F7 /* DiagramTests.xctest */ = {isa = PBXFileReference; explicitFileType = wrapper.cfbundle; includeInIndex = 0; path = DiagramTests.xctest; sourceTree = BUILT_PRODUCTS_DIR; };
		45F60DF42D9BA111000224F7 /* DiagramUITests.xctest */ = {isa = PBXFileReference; explicitFileType = wrapper.cfbundle; includeInIndex = 0; path = DiagramUITests.xctest; sourceTree = BUILT_PRODUCTS_DIR; };
/* End PBXFileReference section */

/* Begin PBXFileSystemSynchronizedBuildFileExceptionSet section */
		4583E09E2D9C7FEC002A9784 /* Exceptions for "Packages" folder in "Diagram" target */ = {
			isa = PBXFileSystemSynchronizedBuildFileExceptionSet;
			membershipExceptions = (
				Geometry,
			);
			target = 45F60DDB2D9BA110000224F7 /* Diagram */;
		};
/* End PBXFileSystemSynchronizedBuildFileExceptionSet section */

/* Begin PBXFileSystemSynchronizedRootGroup section */
		4583E09D2D9C7FEC002A9784 /* Packages */ = {
			isa = PBXFileSystemSynchronizedRootGroup;
			exceptions = (
				4583E09E2D9C7FEC002A9784 /* Exceptions for "Packages" folder in "Diagram" target */,
			);
			path = Packages;
			sourceTree = "<group>";
		};
		45F60DDE2D9BA110000224F7 /* Diagram */ = {
			isa = PBXFileSystemSynchronizedRootGroup;
			path = Diagram;
			sourceTree = "<group>";
		};
		45F60DED2D9BA111000224F7 /* DiagramTests */ = {
			isa = PBXFileSystemSynchronizedRootGroup;
			path = DiagramTests;
			sourceTree = "<group>";
		};
		45F60DF72D9BA111000224F7 /* DiagramUITests */ = {
			isa = PBXFileSystemSynchronizedRootGroup;
			path = DiagramUITests;
			sourceTree = "<group>";
		};
/* End PBXFileSystemSynchronizedRootGroup section */

/* Begin PBXFrameworksBuildPhase section */
		45F60DD92D9BA110000224F7 /* Frameworks */ = {
			isa = PBXFrameworksBuildPhase;
			buildActionMask = 2147483647;
			files = (
				45F60E4B2D9BC6C6000224F7 /* Numerics in Frameworks */,
				4583E0A12D9C8004002A9784 /* Geometry in Frameworks */,
				45F60E542D9C7506000224F7 /* SwiftFormats in Frameworks */,
			);
			runOnlyForDeploymentPostprocessing = 0;
		};
		45F60DE72D9BA111000224F7 /* Frameworks */ = {
			isa = PBXFrameworksBuildPhase;
			buildActionMask = 2147483647;
			files = (
			);
			runOnlyForDeploymentPostprocessing = 0;
		};
		45F60DF12D9BA111000224F7 /* Frameworks */ = {
			isa = PBXFrameworksBuildPhase;
			buildActionMask = 2147483647;
			files = (
			);
			runOnlyForDeploymentPostprocessing = 0;
		};
/* End PBXFrameworksBuildPhase section */

/* Begin PBXGroup section */
		45F60DD32D9BA110000224F7 = {
			isa = PBXGroup;
			children = (
				45F60DDE2D9BA110000224F7 /* Diagram */,
				45F60DED2D9BA111000224F7 /* DiagramTests */,
				45F60DF72D9BA111000224F7 /* DiagramUITests */,
				45F60DDD2D9BA110000224F7 /* Products */,
				4583E09D2D9C7FEC002A9784 /* Packages */,
			);
			sourceTree = "<group>";
		};
		45F60DDD2D9BA110000224F7 /* Products */ = {
			isa = PBXGroup;
			children = (
				45F60DDC2D9BA110000224F7 /* Diagram.app */,
				45F60DEA2D9BA111000224F7 /* DiagramTests.xctest */,
				45F60DF42D9BA111000224F7 /* DiagramUITests.xctest */,
			);
			name = Products;
			sourceTree = "<group>";
		};
/* End PBXGroup section */

/* Begin PBXNativeTarget section */
		45F60DDB2D9BA110000224F7 /* Diagram */ = {
			isa = PBXNativeTarget;
			buildConfigurationList = 45F60DFE2D9BA111000224F7 /* Build configuration list for PBXNativeTarget "Diagram" */;
			buildPhases = (
				45F60DD82D9BA110000224F7 /* Sources */,
				45F60DD92D9BA110000224F7 /* Frameworks */,
				45F60DDA2D9BA110000224F7 /* Resources */,
			);
			buildRules = (
			);
			dependencies = (
			);
			fileSystemSynchronizedGroups = (
				4583E09D2D9C7FEC002A9784 /* Packages */,
				45F60DDE2D9BA110000224F7 /* Diagram */,
			);
			name = Diagram;
			packageProductDependencies = (
				45F60E4A2D9BC6C6000224F7 /* Numerics */,
				45F60E532D9C7506000224F7 /* SwiftFormats */,
				4583E0A02D9C8004002A9784 /* Geometry */,
			);
			productName = Diagram;
			productReference = 45F60DDC2D9BA110000224F7 /* Diagram.app */;
			productType = "com.apple.product-type.application";
		};
		45F60DE92D9BA111000224F7 /* DiagramTests */ = {
			isa = PBXNativeTarget;
			buildConfigurationList = 45F60E012D9BA111000224F7 /* Build configuration list for PBXNativeTarget "DiagramTests" */;
			buildPhases = (
				45F60DE62D9BA111000224F7 /* Sources */,
				45F60DE72D9BA111000224F7 /* Frameworks */,
				45F60DE82D9BA111000224F7 /* Resources */,
			);
			buildRules = (
			);
			dependencies = (
				45F60DEC2D9BA111000224F7 /* PBXTargetDependency */,
			);
			fileSystemSynchronizedGroups = (
				45F60DED2D9BA111000224F7 /* DiagramTests */,
			);
			name = DiagramTests;
			packageProductDependencies = (
			);
			productName = DiagramTests;
			productReference = 45F60DEA2D9BA111000224F7 /* DiagramTests.xctest */;
			productType = "com.apple.product-type.bundle.unit-test";
		};
		45F60DF32D9BA111000224F7 /* DiagramUITests */ = {
			isa = PBXNativeTarget;
			buildConfigurationList = 45F60E042D9BA111000224F7 /* Build configuration list for PBXNativeTarget "DiagramUITests" */;
			buildPhases = (
				45F60DF02D9BA111000224F7 /* Sources */,
				45F60DF12D9BA111000224F7 /* Frameworks */,
				45F60DF22D9BA111000224F7 /* Resources */,
			);
			buildRules = (
			);
			dependencies = (
				45F60DF62D9BA111000224F7 /* PBXTargetDependency */,
			);
			fileSystemSynchronizedGroups = (
				45F60DF72D9BA111000224F7 /* DiagramUITests */,
			);
			name = DiagramUITests;
			packageProductDependencies = (
			);
			productName = DiagramUITests;
			productReference = 45F60DF42D9BA111000224F7 /* DiagramUITests.xctest */;
			productType = "com.apple.product-type.bundle.ui-testing";
		};
/* End PBXNativeTarget section */

/* Begin PBXProject section */
		45F60DD42D9BA110000224F7 /* Project object */ = {
			isa = PBXProject;
			attributes = {
				BuildIndependentTargetsInParallel = 1;
				LastSwiftUpdateCheck = 1630;
				LastUpgradeCheck = 1630;
				TargetAttributes = {
					45F60DDB2D9BA110000224F7 = {
						CreatedOnToolsVersion = 16.3;
					};
					45F60DE92D9BA111000224F7 = {
						CreatedOnToolsVersion = 16.3;
						TestTargetID = 45F60DDB2D9BA110000224F7;
					};
					45F60DF32D9BA111000224F7 = {
						CreatedOnToolsVersion = 16.3;
						TestTargetID = 45F60DDB2D9BA110000224F7;
					};
				};
			};
			buildConfigurationList = 45F60DD72D9BA110000224F7 /* Build configuration list for PBXProject "Diagram" */;
			developmentRegion = en;
			hasScannedForEncodings = 0;
			knownRegions = (
				en,
				Base,
			);
			mainGroup = 45F60DD32D9BA110000224F7;
			minimizedProjectReferenceProxies = 1;
			packageReferences = (
				45F60E492D9BC6C6000224F7 /* XCRemoteSwiftPackageReference "swift-numerics" */,
				45F60E522D9C7506000224F7 /* XCRemoteSwiftPackageReference "SwiftFormats" */,
			);
			preferredProjectObjectVersion = 77;
			productRefGroup = 45F60DDD2D9BA110000224F7 /* Products */;
			projectDirPath = "";
			projectRoot = "";
			targets = (
				45F60DDB2D9BA110000224F7 /* Diagram */,
				45F60DE92D9BA111000224F7 /* DiagramTests */,
				45F60DF32D9BA111000224F7 /* DiagramUITests */,
			);
		};
/* End PBXProject section */

/* Begin PBXResourcesBuildPhase section */
		45F60DDA2D9BA110000224F7 /* Resources */ = {
			isa = PBXResourcesBuildPhase;
			buildActionMask = 2147483647;
			files = (
			);
			runOnlyForDeploymentPostprocessing = 0;
		};
		45F60DE82D9BA111000224F7 /* Resources */ = {
			isa = PBXResourcesBuildPhase;
			buildActionMask = 2147483647;
			files = (
			);
			runOnlyForDeploymentPostprocessing = 0;
		};
		45F60DF22D9BA111000224F7 /* Resources */ = {
			isa = PBXResourcesBuildPhase;
			buildActionMask = 2147483647;
			files = (
			);
			runOnlyForDeploymentPostprocessing = 0;
		};
/* End PBXResourcesBuildPhase section */

/* Begin PBXSourcesBuildPhase section */
		45F60DD82D9BA110000224F7 /* Sources */ = {
			isa = PBXSourcesBuildPhase;
			buildActionMask = 2147483647;
			files = (
			);
			runOnlyForDeploymentPostprocessing = 0;
		};
		45F60DE62D9BA111000224F7 /* Sources */ = {
			isa = PBXSourcesBuildPhase;
			buildActionMask = 2147483647;
			files = (
			);
			runOnlyForDeploymentPostprocessing = 0;
		};
		45F60DF02D9BA111000224F7 /* Sources */ = {
			isa = PBXSourcesBuildPhase;
			buildActionMask = 2147483647;
			files = (
			);
			runOnlyForDeploymentPostprocessing = 0;
		};
/* End PBXSourcesBuildPhase section */

/* Begin PBXTargetDependency section */
		45F60DEC2D9BA111000224F7 /* PBXTargetDependency */ = {
			isa = PBXTargetDependency;
			target = 45F60DDB2D9BA110000224F7 /* Diagram */;
			targetProxy = 45F60DEB2D9BA111000224F7 /* PBXContainerItemProxy */;
		};
		45F60DF62D9BA111000224F7 /* PBXTargetDependency */ = {
			isa = PBXTargetDependency;
			target = 45F60DDB2D9BA110000224F7 /* Diagram */;
			targetProxy = 45F60DF52D9BA111000224F7 /* PBXContainerItemProxy */;
		};
/* End PBXTargetDependency section */

/* Begin XCBuildConfiguration section */
		45F60DFC2D9BA111000224F7 /* Debug */ = {
			isa = XCBuildConfiguration;
			buildSettings = {
				ALWAYS_SEARCH_USER_PATHS = NO;
				ASSETCATALOG_COMPILER_GENERATE_SWIFT_ASSET_SYMBOL_EXTENSIONS = YES;
				CLANG_ANALYZER_NONNULL = YES;
				CLANG_ANALYZER_NUMBER_OBJECT_CONVERSION = YES_AGGRESSIVE;
				CLANG_CXX_LANGUAGE_STANDARD = "gnu++20";
				CLANG_ENABLE_MODULES = YES;
				CLANG_ENABLE_OBJC_ARC = YES;
				CLANG_ENABLE_OBJC_WEAK = YES;
				CLANG_WARN_BLOCK_CAPTURE_AUTORELEASING = YES;
				CLANG_WARN_BOOL_CONVERSION = YES;
				CLANG_WARN_COMMA = YES;
				CLANG_WARN_CONSTANT_CONVERSION = YES;
				CLANG_WARN_DEPRECATED_OBJC_IMPLEMENTATIONS = YES;
				CLANG_WARN_DIRECT_OBJC_ISA_USAGE = YES_ERROR;
				CLANG_WARN_DOCUMENTATION_COMMENTS = YES;
				CLANG_WARN_EMPTY_BODY = YES;
				CLANG_WARN_ENUM_CONVERSION = YES;
				CLANG_WARN_INFINITE_RECURSION = YES;
				CLANG_WARN_INT_CONVERSION = YES;
				CLANG_WARN_NON_LITERAL_NULL_CONVERSION = YES;
				CLANG_WARN_OBJC_IMPLICIT_RETAIN_SELF = YES;
				CLANG_WARN_OBJC_LITERAL_CONVERSION = YES;
				CLANG_WARN_OBJC_ROOT_CLASS = YES_ERROR;
				CLANG_WARN_QUOTED_INCLUDE_IN_FRAMEWORK_HEADER = YES;
				CLANG_WARN_RANGE_LOOP_ANALYSIS = YES;
				CLANG_WARN_STRICT_PROTOTYPES = YES;
				CLANG_WARN_SUSPICIOUS_MOVE = YES;
				CLANG_WARN_UNGUARDED_AVAILABILITY = YES_AGGRESSIVE;
				CLANG_WARN_UNREACHABLE_CODE = YES;
				CLANG_WARN__DUPLICATE_METHOD_MATCH = YES;
				COPY_PHASE_STRIP = NO;
				DEBUG_INFORMATION_FORMAT = dwarf;
				DEVELOPMENT_TEAM = 6E23EP94PG;
				ENABLE_STRICT_OBJC_MSGSEND = YES;
				ENABLE_TESTABILITY = YES;
				ENABLE_USER_SCRIPT_SANDBOXING = YES;
				GCC_C_LANGUAGE_STANDARD = gnu17;
				GCC_DYNAMIC_NO_PIC = NO;
				GCC_NO_COMMON_BLOCKS = YES;
				GCC_OPTIMIZATION_LEVEL = 0;
				GCC_PREPROCESSOR_DEFINITIONS = (
					"DEBUG=1",
					"$(inherited)",
				);
				GCC_WARN_64_TO_32_BIT_CONVERSION = YES;
				GCC_WARN_ABOUT_RETURN_TYPE = YES_ERROR;
				GCC_WARN_UNDECLARED_SELECTOR = YES;
				GCC_WARN_UNINITIALIZED_AUTOS = YES_AGGRESSIVE;
				GCC_WARN_UNUSED_FUNCTION = YES;
				GCC_WARN_UNUSED_VARIABLE = YES;
				LOCALIZATION_PREFERS_STRING_CATALOGS = YES;
				MTL_ENABLE_DEBUG_INFO = INCLUDE_SOURCE;
				MTL_FAST_MATH = YES;
				ONLY_ACTIVE_ARCH = YES;
				SWIFT_ACTIVE_COMPILATION_CONDITIONS = "DEBUG $(inherited)";
				SWIFT_OPTIMIZATION_LEVEL = "-Onone";
			};
			name = Debug;
		};
		45F60DFD2D9BA111000224F7 /* Release */ = {
			isa = XCBuildConfiguration;
			buildSettings = {
				ALWAYS_SEARCH_USER_PATHS = NO;
				ASSETCATALOG_COMPILER_GENERATE_SWIFT_ASSET_SYMBOL_EXTENSIONS = YES;
				CLANG_ANALYZER_NONNULL = YES;
				CLANG_ANALYZER_NUMBER_OBJECT_CONVERSION = YES_AGGRESSIVE;
				CLANG_CXX_LANGUAGE_STANDARD = "gnu++20";
				CLANG_ENABLE_MODULES = YES;
				CLANG_ENABLE_OBJC_ARC = YES;
				CLANG_ENABLE_OBJC_WEAK = YES;
				CLANG_WARN_BLOCK_CAPTURE_AUTORELEASING = YES;
				CLANG_WARN_BOOL_CONVERSION = YES;
				CLANG_WARN_COMMA = YES;
				CLANG_WARN_CONSTANT_CONVERSION = YES;
				CLANG_WARN_DEPRECATED_OBJC_IMPLEMENTATIONS = YES;
				CLANG_WARN_DIRECT_OBJC_ISA_USAGE = YES_ERROR;
				CLANG_WARN_DOCUMENTATION_COMMENTS = YES;
				CLANG_WARN_EMPTY_BODY = YES;
				CLANG_WARN_ENUM_CONVERSION = YES;
				CLANG_WARN_INFINITE_RECURSION = YES;
				CLANG_WARN_INT_CONVERSION = YES;
				CLANG_WARN_NON_LITERAL_NULL_CONVERSION = YES;
				CLANG_WARN_OBJC_IMPLICIT_RETAIN_SELF = YES;
				CLANG_WARN_OBJC_LITERAL_CONVERSION = YES;
				CLANG_WARN_OBJC_ROOT_CLASS = YES_ERROR;
				CLANG_WARN_QUOTED_INCLUDE_IN_FRAMEWORK_HEADER = YES;
				CLANG_WARN_RANGE_LOOP_ANALYSIS = YES;
				CLANG_WARN_STRICT_PROTOTYPES = YES;
				CLANG_WARN_SUSPICIOUS_MOVE = YES;
				CLANG_WARN_UNGUARDED_AVAILABILITY = YES_AGGRESSIVE;
				CLANG_WARN_UNREACHABLE_CODE = YES;
				CLANG_WARN__DUPLICATE_METHOD_MATCH = YES;
				COPY_PHASE_STRIP = NO;
				DEBUG_INFORMATION_FORMAT = "dwarf-with-dsym";
				DEVELOPMENT_TEAM = 6E23EP94PG;
				ENABLE_NS_ASSERTIONS = NO;
				ENABLE_STRICT_OBJC_MSGSEND = YES;
				ENABLE_USER_SCRIPT_SANDBOXING = YES;
				GCC_C_LANGUAGE_STANDARD = gnu17;
				GCC_NO_COMMON_BLOCKS = YES;
				GCC_WARN_64_TO_32_BIT_CONVERSION = YES;
				GCC_WARN_ABOUT_RETURN_TYPE = YES_ERROR;
				GCC_WARN_UNDECLARED_SELECTOR = YES;
				GCC_WARN_UNINITIALIZED_AUTOS = YES_AGGRESSIVE;
				GCC_WARN_UNUSED_FUNCTION = YES;
				GCC_WARN_UNUSED_VARIABLE = YES;
				LOCALIZATION_PREFERS_STRING_CATALOGS = YES;
				MTL_ENABLE_DEBUG_INFO = NO;
				MTL_FAST_MATH = YES;
				SWIFT_COMPILATION_MODE = wholemodule;
			};
			name = Release;
		};
		45F60DFF2D9BA111000224F7 /* Debug */ = {
			isa = XCBuildConfiguration;
			buildSettings = {
				ASSETCATALOG_COMPILER_APPICON_NAME = AppIcon;
				ASSETCATALOG_COMPILER_GLOBAL_ACCENT_COLOR_NAME = AccentColor;
				CODE_SIGN_ENTITLEMENTS = Diagram/Diagram.entitlements;
				CODE_SIGN_STYLE = Automatic;
				CURRENT_PROJECT_VERSION = 1;
				DEVELOPMENT_TEAM = 6E23EP94PG;
				ENABLE_HARDENED_RUNTIME = YES;
				ENABLE_PREVIEWS = YES;
				GENERATE_INFOPLIST_FILE = YES;
				"INFOPLIST_KEY_UIApplicationSceneManifest_Generation[sdk=iphoneos*]" = YES;
				"INFOPLIST_KEY_UIApplicationSceneManifest_Generation[sdk=iphonesimulator*]" = YES;
				"INFOPLIST_KEY_UIApplicationSupportsIndirectInputEvents[sdk=iphoneos*]" = YES;
				"INFOPLIST_KEY_UIApplicationSupportsIndirectInputEvents[sdk=iphonesimulator*]" = YES;
				"INFOPLIST_KEY_UILaunchScreen_Generation[sdk=iphoneos*]" = YES;
				"INFOPLIST_KEY_UILaunchScreen_Generation[sdk=iphonesimulator*]" = YES;
				"INFOPLIST_KEY_UIStatusBarStyle[sdk=iphoneos*]" = UIStatusBarStyleDefault;
				"INFOPLIST_KEY_UIStatusBarStyle[sdk=iphonesimulator*]" = UIStatusBarStyleDefault;
				INFOPLIST_KEY_UISupportedInterfaceOrientations_iPad = "UIInterfaceOrientationPortrait UIInterfaceOrientationPortraitUpsideDown UIInterfaceOrientationLandscapeLeft UIInterfaceOrientationLandscapeRight";
				INFOPLIST_KEY_UISupportedInterfaceOrientations_iPhone = "UIInterfaceOrientationPortrait UIInterfaceOrientationLandscapeLeft UIInterfaceOrientationLandscapeRight";
				IPHONEOS_DEPLOYMENT_TARGET = 18.4;
				LD_RUNPATH_SEARCH_PATHS = "@executable_path/Frameworks";
				"LD_RUNPATH_SEARCH_PATHS[sdk=macosx*]" = "@executable_path/../Frameworks";
				MACOSX_DEPLOYMENT_TARGET = 15.4;
				MARKETING_VERSION = 1.0;
				PRODUCT_BUNDLE_IDENTIFIER = io.schwa.Diagram;
				PRODUCT_NAME = "$(TARGET_NAME)";
				REGISTER_APP_GROUPS = YES;
				SDKROOT = auto;
				SUPPORTED_PLATFORMS = "iphoneos iphonesimulator macosx xros xrsimulator";
				SWIFT_EMIT_LOC_STRINGS = YES;
				SWIFT_VERSION = 5.0;
				TARGETED_DEVICE_FAMILY = "1,2,7";
				XROS_DEPLOYMENT_TARGET = 2.4;
			};
			name = Debug;
		};
		45F60E002D9BA111000224F7 /* Release */ = {
			isa = XCBuildConfiguration;
			buildSettings = {
				ASSETCATALOG_COMPILER_APPICON_NAME = AppIcon;
				ASSETCATALOG_COMPILER_GLOBAL_ACCENT_COLOR_NAME = AccentColor;
				CODE_SIGN_ENTITLEMENTS = Diagram/Diagram.entitlements;
				CODE_SIGN_STYLE = Automatic;
				CURRENT_PROJECT_VERSION = 1;
				DEVELOPMENT_TEAM = 6E23EP94PG;
				ENABLE_HARDENED_RUNTIME = YES;
				ENABLE_PREVIEWS = YES;
				GENERATE_INFOPLIST_FILE = YES;
				"INFOPLIST_KEY_UIApplicationSceneManifest_Generation[sdk=iphoneos*]" = YES;
				"INFOPLIST_KEY_UIApplicationSceneManifest_Generation[sdk=iphonesimulator*]" = YES;
				"INFOPLIST_KEY_UIApplicationSupportsIndirectInputEvents[sdk=iphoneos*]" = YES;
				"INFOPLIST_KEY_UIApplicationSupportsIndirectInputEvents[sdk=iphonesimulator*]" = YES;
				"INFOPLIST_KEY_UILaunchScreen_Generation[sdk=iphoneos*]" = YES;
				"INFOPLIST_KEY_UILaunchScreen_Generation[sdk=iphonesimulator*]" = YES;
				"INFOPLIST_KEY_UIStatusBarStyle[sdk=iphoneos*]" = UIStatusBarStyleDefault;
				"INFOPLIST_KEY_UIStatusBarStyle[sdk=iphonesimulator*]" = UIStatusBarStyleDefault;
				INFOPLIST_KEY_UISupportedInterfaceOrientations_iPad = "UIInterfaceOrientationPortrait UIInterfaceOrientationPortraitUpsideDown UIInterfaceOrientationLandscapeLeft UIInterfaceOrientationLandscapeRight";
				INFOPLIST_KEY_UISupportedInterfaceOrientations_iPhone = "UIInterfaceOrientationPortrait UIInterfaceOrientationLandscapeLeft UIInterfaceOrientationLandscapeRight";
				IPHONEOS_DEPLOYMENT_TARGET = 18.4;
				LD_RUNPATH_SEARCH_PATHS = "@executable_path/Frameworks";
				"LD_RUNPATH_SEARCH_PATHS[sdk=macosx*]" = "@executable_path/../Frameworks";
				MACOSX_DEPLOYMENT_TARGET = 15.4;
				MARKETING_VERSION = 1.0;
				PRODUCT_BUNDLE_IDENTIFIER = io.schwa.Diagram;
				PRODUCT_NAME = "$(TARGET_NAME)";
				REGISTER_APP_GROUPS = YES;
				SDKROOT = auto;
				SUPPORTED_PLATFORMS = "iphoneos iphonesimulator macosx xros xrsimulator";
				SWIFT_EMIT_LOC_STRINGS = YES;
				SWIFT_VERSION = 5.0;
				TARGETED_DEVICE_FAMILY = "1,2,7";
				XROS_DEPLOYMENT_TARGET = 2.4;
			};
			name = Release;
		};
		45F60E022D9BA111000224F7 /* Debug */ = {
			isa = XCBuildConfiguration;
			buildSettings = {
				BUNDLE_LOADER = "$(TEST_HOST)";
				CODE_SIGN_STYLE = Automatic;
				CURRENT_PROJECT_VERSION = 1;
				DEVELOPMENT_TEAM = 6E23EP94PG;
				GENERATE_INFOPLIST_FILE = YES;
				IPHONEOS_DEPLOYMENT_TARGET = 18.4;
				MACOSX_DEPLOYMENT_TARGET = 15.4;
				MARKETING_VERSION = 1.0;
				PRODUCT_BUNDLE_IDENTIFIER = io.schwa.DiagramTests;
				PRODUCT_NAME = "$(TARGET_NAME)";
				SDKROOT = auto;
				SUPPORTED_PLATFORMS = "iphoneos iphonesimulator macosx xros xrsimulator";
				SWIFT_EMIT_LOC_STRINGS = NO;
				SWIFT_VERSION = 5.0;
				TARGETED_DEVICE_FAMILY = "1,2,7";
				TEST_HOST = "$(BUILT_PRODUCTS_DIR)/Diagram.app/$(BUNDLE_EXECUTABLE_FOLDER_PATH)/Diagram";
				XROS_DEPLOYMENT_TARGET = 2.4;
			};
			name = Debug;
		};
		45F60E032D9BA111000224F7 /* Release */ = {
			isa = XCBuildConfiguration;
			buildSettings = {
				BUNDLE_LOADER = "$(TEST_HOST)";
				CODE_SIGN_STYLE = Automatic;
				CURRENT_PROJECT_VERSION = 1;
				DEVELOPMENT_TEAM = 6E23EP94PG;
				GENERATE_INFOPLIST_FILE = YES;
				IPHONEOS_DEPLOYMENT_TARGET = 18.4;
				MACOSX_DEPLOYMENT_TARGET = 15.4;
				MARKETING_VERSION = 1.0;
				PRODUCT_BUNDLE_IDENTIFIER = io.schwa.DiagramTests;
				PRODUCT_NAME = "$(TARGET_NAME)";
				SDKROOT = auto;
				SUPPORTED_PLATFORMS = "iphoneos iphonesimulator macosx xros xrsimulator";
				SWIFT_EMIT_LOC_STRINGS = NO;
				SWIFT_VERSION = 5.0;
				TARGETED_DEVICE_FAMILY = "1,2,7";
				TEST_HOST = "$(BUILT_PRODUCTS_DIR)/Diagram.app/$(BUNDLE_EXECUTABLE_FOLDER_PATH)/Diagram";
				XROS_DEPLOYMENT_TARGET = 2.4;
			};
			name = Release;
		};
		45F60E052D9BA111000224F7 /* Debug */ = {
			isa = XCBuildConfiguration;
			buildSettings = {
				CODE_SIGN_STYLE = Automatic;
				CURRENT_PROJECT_VERSION = 1;
				DEVELOPMENT_TEAM = 6E23EP94PG;
				GENERATE_INFOPLIST_FILE = YES;
				IPHONEOS_DEPLOYMENT_TARGET = 18.4;
				MACOSX_DEPLOYMENT_TARGET = 15.4;
				MARKETING_VERSION = 1.0;
				PRODUCT_BUNDLE_IDENTIFIER = io.schwa.DiagramUITests;
				PRODUCT_NAME = "$(TARGET_NAME)";
				SDKROOT = auto;
				SUPPORTED_PLATFORMS = "iphoneos iphonesimulator macosx xros xrsimulator";
				SWIFT_EMIT_LOC_STRINGS = NO;
				SWIFT_VERSION = 5.0;
				TARGETED_DEVICE_FAMILY = "1,2,7";
				TEST_TARGET_NAME = Diagram;
				XROS_DEPLOYMENT_TARGET = 2.4;
			};
			name = Debug;
		};
		45F60E062D9BA111000224F7 /* Release */ = {
			isa = XCBuildConfiguration;
			buildSettings = {
				CODE_SIGN_STYLE = Automatic;
				CURRENT_PROJECT_VERSION = 1;
				DEVELOPMENT_TEAM = 6E23EP94PG;
				GENERATE_INFOPLIST_FILE = YES;
				IPHONEOS_DEPLOYMENT_TARGET = 18.4;
				MACOSX_DEPLOYMENT_TARGET = 15.4;
				MARKETING_VERSION = 1.0;
				PRODUCT_BUNDLE_IDENTIFIER = io.schwa.DiagramUITests;
				PRODUCT_NAME = "$(TARGET_NAME)";
				SDKROOT = auto;
				SUPPORTED_PLATFORMS = "iphoneos iphonesimulator macosx xros xrsimulator";
				SWIFT_EMIT_LOC_STRINGS = NO;
				SWIFT_VERSION = 5.0;
				TARGETED_DEVICE_FAMILY = "1,2,7";
				TEST_TARGET_NAME = Diagram;
				XROS_DEPLOYMENT_TARGET = 2.4;
			};
			name = Release;
		};
/* End XCBuildConfiguration section */

/* Begin XCConfigurationList section */
		45F60DD72D9BA110000224F7 /* Build configuration list for PBXProject "Diagram" */ = {
			isa = XCConfigurationList;
			buildConfigurations = (
				45F60DFC2D9BA111000224F7 /* Debug */,
				45F60DFD2D9BA111000224F7 /* Release */,
			);
			defaultConfigurationIsVisible = 0;
			defaultConfigurationName = Release;
		};
		45F60DFE2D9BA111000224F7 /* Build configuration list for PBXNativeTarget "Diagram" */ = {
			isa = XCConfigurationList;
			buildConfigurations = (
				45F60DFF2D9BA111000224F7 /* Debug */,
				45F60E002D9BA111000224F7 /* Release */,
			);
			defaultConfigurationIsVisible = 0;
			defaultConfigurationName = Release;
		};
		45F60E012D9BA111000224F7 /* Build configuration list for PBXNativeTarget "DiagramTests" */ = {
			isa = XCConfigurationList;
			buildConfigurations = (
				45F60E022D9BA111000224F7 /* Debug */,
				45F60E032D9BA111000224F7 /* Release */,
			);
			defaultConfigurationIsVisible = 0;
			defaultConfigurationName = Release;
		};
		45F60E042D9BA111000224F7 /* Build configuration list for PBXNativeTarget "DiagramUITests" */ = {
			isa = XCConfigurationList;
			buildConfigurations = (
				45F60E052D9BA111000224F7 /* Debug */,
				45F60E062D9BA111000224F7 /* Release */,
			);
			defaultConfigurationIsVisible = 0;
			defaultConfigurationName = Release;
		};
/* End XCConfigurationList section */

/* Begin XCRemoteSwiftPackageReference section */
		45F60E492D9BC6C6000224F7 /* XCRemoteSwiftPackageReference "swift-numerics" */ = {
			isa = XCRemoteSwiftPackageReference;
			repositoryURL = "https://github.com/apple/swift-numerics.git";
			requirement = {
				kind = upToNextMajorVersion;
				minimumVersion = 1.0.3;
			};
		};
		45F60E522D9C7506000224F7 /* XCRemoteSwiftPackageReference "SwiftFormats" */ = {
			isa = XCRemoteSwiftPackageReference;
			repositoryURL = "https://github.com/schwa/SwiftFormats";
			requirement = {
				kind = upToNextMajorVersion;
				minimumVersion = 0.3.6;
			};
		};
/* End XCRemoteSwiftPackageReference section */

/* Begin XCSwiftPackageProductDependency section */
		4583E0A02D9C8004002A9784 /* Geometry */ = {
			isa = XCSwiftPackageProductDependency;
			productName = Geometry;
		};
		45F60E4A2D9BC6C6000224F7 /* Numerics */ = {
			isa = XCSwiftPackageProductDependency;
			package = 45F60E492D9BC6C6000224F7 /* XCRemoteSwiftPackageReference "swift-numerics" */;
			productName = Numerics;
		};
		45F60E532D9C7506000224F7 /* SwiftFormats */ = {
			isa = XCSwiftPackageProductDependency;
			package = 45F60E522D9C7506000224F7 /* XCRemoteSwiftPackageReference "SwiftFormats" */;
			productName = SwiftFormats;
		};
/* End XCSwiftPackageProductDependency section */
	};
	rootObject = 45F60DD42D9BA110000224F7 /* Project object */;
}
